
Microsoft Visual Studio Solution File, Format Version 12.00
# Visual Studio Version 16
VisualStudioVersion = 16.0.30717.126
MinimumVisualStudioVersion = 10.0.40219.1
Project("{9A19103F-16F7-4668-BE54-9A1E7A4F7556}") = "AccessViolationInReflectionInvoke", "AccessViolationInReflectionInvoke.csproj", "{2C0FB053-C075-47ED-BD7A-A2DD98D408EB}"
EndProject
Global
	GlobalSection(SolutionConfigurationPlatforms) = preSolution
		Debug|Any CPU = Debug|Any CPU
		Release|Any CPU = Release|Any CPU
	EndGlobalSection
	GlobalSection(ProjectConfigurationPlatforms) = postSolution
		{2C0FB053-C075-47ED-BD7A-A2DD98D408EB}.Debug|Any CPU.ActiveCfg = Debug|Any CPU
		{2C0FB053-C075-47ED-BD7A-A2DD98D408EB}.Debug|Any CPU.Build.0 = Debug|Any CPU
		{2C0FB053-C075-47ED-BD7A-A2DD98D408EB}.Release|Any CPU.ActiveCfg = Release|Any CPU
		{2C0FB053-C075-47ED-BD7A-A2DD98D408EB}.Release|Any CPU.Build.0 = Release|Any CPU
	EndGlobalSection
	GlobalSection(SolutionProperties) = preSolution
		HideSolutionNode = FALSE
	EndGlobalSection
	GlobalSection(ExtensibilityGlobals) = postSolution
		SolutionGuid = {8C8750D6-F502-4205-8B73-A6D08F24E051}
	EndGlobalSection
EndGlobal
